
Microsoft Visual Studio Solution File, Format Version 12.00
# Visual Studio Version 17
VisualStudioVersion = 17.5.33424.131
MinimumVisualStudioVersion = 10.0.40219.1
Project("{FAE04EC0-301F-11D3-BF4B-00C04F79EFBC}") = "Лаба 8-9", "Лаба 8-9\Лаба 8-9.csproj", "{F1CB87AC-88F2-43E5-900B-72538021E872}"
EndProject
Global
	GlobalSection(SolutionConfigurationPlatforms) = preSolution
		Debug|Any CPU = Debug|Any CPU
		Debug|x64 = Debug|x64
		Release|Any CPU = Release|Any CPU
		Release|x64 = Release|x64
	EndGlobalSection
	GlobalSection(ProjectConfigurationPlatforms) = postSolution
		{F1CB87AC-88F2-43E5-900B-72538021E872}.Debug|Any CPU.ActiveCfg = Debug|Any CPU
		{F1CB87AC-88F2-43E5-900B-72538021E872}.Debug|Any CPU.Build.0 = Debug|Any CPU
		{F1CB87AC-88F2-43E5-900B-72538021E872}.Debug|x64.ActiveCfg = Debug|x64
		{F1CB87AC-88F2-43E5-900B-72538021E872}.Debug|x64.Build.0 = Debug|x64
		{F1CB87AC-88F2-43E5-900B-72538021E872}.Release|Any CPU.ActiveCfg = Release|Any CPU
		{F1CB87AC-88F2-43E5-900B-72538021E872}.Release|Any CPU.Build.0 = Release|Any CPU
		{F1CB87AC-88F2-43E5-900B-72538021E872}.Release|x64.ActiveCfg = Release|x64
		{F1CB87AC-88F2-43E5-900B-72538021E872}.Release|x64.Build.0 = Release|x64
	EndGlobalSection
	GlobalSection(SolutionProperties) = preSolution
		HideSolutionNode = FALSE
	EndGlobalSection
	GlobalSection(ExtensibilityGlobals) = postSolution
		SolutionGuid = {C78A28A3-3E0C-4F6E-9F12-ED4B3149ABD2}
	EndGlobalSection
EndGlobal
