
Microsoft Visual Studio Solution File, Format Version 12.00
# Visual Studio Version 17
VisualStudioVersion = 17.5.33530.505
MinimumVisualStudioVersion = 10.0.40219.1
Project("{FAE04EC0-301F-11D3-BF4B-00C04F79EFBC}") = "Doodle jump", "Doodle jump.csproj", "{B971BA74-CF8B-46FC-BA3E-1D78D3C86E1D}"
EndProject
Global
	GlobalSection(SolutionConfigurationPlatforms) = preSolution
		Debug|Any CPU = Debug|Any CPU
		Release|Any CPU = Release|Any CPU
	EndGlobalSection
	GlobalSection(ProjectConfigurationPlatforms) = postSolution
		{B971BA74-CF8B-46FC-BA3E-1D78D3C86E1D}.Debug|Any CPU.ActiveCfg = Debug|Any CPU
		{B971BA74-CF8B-46FC-BA3E-1D78D3C86E1D}.Debug|Any CPU.Build.0 = Debug|Any CPU
		{B971BA74-CF8B-46FC-BA3E-1D78D3C86E1D}.Release|Any CPU.ActiveCfg = Release|Any CPU
		{B971BA74-CF8B-46FC-BA3E-1D78D3C86E1D}.Release|Any CPU.Build.0 = Release|Any CPU
	EndGlobalSection
	GlobalSection(SolutionProperties) = preSolution
		HideSolutionNode = FALSE
	EndGlobalSection
	GlobalSection(ExtensibilityGlobals) = postSolution
		SolutionGuid = {5FA348F0-54A9-4FFE-8847-1D678ABBEF2F}
	EndGlobalSection
EndGlobal
